// !$*UTF8*$!
{
	archiveVersion = 1;
	classes = {
	};
	objectVersion = 56;
	objects = {

/* Begin PBXBuildFile section */
		E8594C372D23F8E00076EBBD /* AppDelegate.swift in Sources */ = {isa = PBXBuildFile; fileRef = E8594C362D23F8E00076EBBD /* AppDelegate.swift */; };
		E8594C392D23F8E00076EBBD /* SceneDelegate.swift in Sources */ = {isa = PBXBuildFile; fileRef = E8594C382D23F8E00076EBBD /* SceneDelegate.swift */; };
		E8594C3E2D23F8E00076EBBD /* Main.storyboard in Resources */ = {isa = PBXBuildFile; fileRef = E8594C3C2D23F8E00076EBBD /* Main.storyboard */; };
		E8594C402D23F8E50076EBBD /* Assets.xcassets in Resources */ = {isa = PBXBuildFile; fileRef = E8594C3F2D23F8E50076EBBD /* Assets.xcassets */; };
		E8594C432D23F8E50076EBBD /* LaunchScreen.storyboard in Resources */ = {isa = PBXBuildFile; fileRef = E8594C412D23F8E50076EBBD /* LaunchScreen.storyboard */; };
		E8594C4F2D23FC7F0076EBBD /* MainTabBarController.swift in Sources */ = {isa = PBXBuildFile; fileRef = E8594C4E2D23FC7F0076EBBD /* MainTabBarController.swift */; };
		E8594C522D23FE760076EBBD /* ProductsListViewController.swift in Sources */ = {isa = PBXBuildFile; fileRef = E8594C512D23FE760076EBBD /* ProductsListViewController.swift */; };
		E8594C542D2400350076EBBD /* SettingsViewController.swift in Sources */ = {isa = PBXBuildFile; fileRef = E8594C532D2400350076EBBD /* SettingsViewController.swift */; };
		E8594C572D2401220076EBBD /* LoginViewController.swift in Sources */ = {isa = PBXBuildFile; fileRef = E8594C562D2401220076EBBD /* LoginViewController.swift */; };
		E8594C5A2D2402560076EBBD /* UIView+Utils.swift in Sources */ = {isa = PBXBuildFile; fileRef = E8594C592D2402560076EBBD /* UIView+Utils.swift */; };
		E8594C5C2D24070F0076EBBD /* String+Utils.swift in Sources */ = {isa = PBXBuildFile; fileRef = E8594C5B2D24070F0076EBBD /* String+Utils.swift */; };
		E8594C5E2D2407460076EBBD /* UIViewController+Utils.swift in Sources */ = {isa = PBXBuildFile; fileRef = E8594C5D2D2407460076EBBD /* UIViewController+Utils.swift */; };
		E8594C612D243D0D0076EBBD /* Lottie in Frameworks */ = {isa = PBXBuildFile; productRef = E8594C602D243D0D0076EBBD /* Lottie */; };
		E8594C642D243D420076EBBD /* login.json in Resources */ = {isa = PBXBuildFile; fileRef = E8594C632D243D410076EBBD /* login.json */; };
		E8594C682D244A800076EBBD /* UserDefaultsStore.swift in Sources */ = {isa = PBXBuildFile; fileRef = E8594C672D244A800076EBBD /* UserDefaultsStore.swift */; };
/* End PBXBuildFile section */

/* Begin PBXFileReference section */
		E8594C332D23F8E00076EBBD /* IBI.app */ = {isa = PBXFileReference; explicitFileType = wrapper.application; includeInIndex = 0; path = IBI.app; sourceTree = BUILT_PRODUCTS_DIR; };
		E8594C362D23F8E00076EBBD /* AppDelegate.swift */ = {isa = PBXFileReference; lastKnownFileType = sourcecode.swift; path = AppDelegate.swift; sourceTree = "<group>"; };
		E8594C382D23F8E00076EBBD /* SceneDelegate.swift */ = {isa = PBXFileReference; lastKnownFileType = sourcecode.swift; path = SceneDelegate.swift; sourceTree = "<group>"; };
		E8594C3D2D23F8E00076EBBD /* Base */ = {isa = PBXFileReference; lastKnownFileType = file.storyboard; name = Base; path = Base.lproj/Main.storyboard; sourceTree = "<group>"; };
		E8594C3F2D23F8E50076EBBD /* Assets.xcassets */ = {isa = PBXFileReference; lastKnownFileType = folder.assetcatalog; path = Assets.xcassets; sourceTree = "<group>"; };
		E8594C422D23F8E50076EBBD /* Base */ = {isa = PBXFileReference; lastKnownFileType = file.storyboard; name = Base; path = Base.lproj/LaunchScreen.storyboard; sourceTree = "<group>"; };
		E8594C442D23F8E50076EBBD /* Info.plist */ = {isa = PBXFileReference; lastKnownFileType = text.plist.xml; path = Info.plist; sourceTree = "<group>"; };
		E8594C4E2D23FC7F0076EBBD /* MainTabBarController.swift */ = {isa = PBXFileReference; lastKnownFileType = sourcecode.swift; path = MainTabBarController.swift; sourceTree = "<group>"; };
		E8594C512D23FE760076EBBD /* ProductsListViewController.swift */ = {isa = PBXFileReference; lastKnownFileType = sourcecode.swift; path = ProductsListViewController.swift; sourceTree = "<group>"; };
		E8594C532D2400350076EBBD /* SettingsViewController.swift */ = {isa = PBXFileReference; lastKnownFileType = sourcecode.swift; path = SettingsViewController.swift; sourceTree = "<group>"; };
		E8594C562D2401220076EBBD /* LoginViewController.swift */ = {isa = PBXFileReference; lastKnownFileType = sourcecode.swift; path = LoginViewController.swift; sourceTree = "<group>"; };
		E8594C592D2402560076EBBD /* UIView+Utils.swift */ = {isa = PBXFileReference; lastKnownFileType = sourcecode.swift; path = "UIView+Utils.swift"; sourceTree = "<group>"; };
		E8594C5B2D24070F0076EBBD /* String+Utils.swift */ = {isa = PBXFileReference; lastKnownFileType = sourcecode.swift; path = "String+Utils.swift"; sourceTree = "<group>"; };
		E8594C5D2D2407460076EBBD /* UIViewController+Utils.swift */ = {isa = PBXFileReference; lastKnownFileType = sourcecode.swift; path = "UIViewController+Utils.swift"; sourceTree = "<group>"; };
		E8594C632D243D410076EBBD /* login.json */ = {isa = PBXFileReference; fileEncoding = 4; lastKnownFileType = text.json; path = login.json; sourceTree = "<group>"; };
		E8594C672D244A800076EBBD /* UserDefaultsStore.swift */ = {isa = PBXFileReference; lastKnownFileType = sourcecode.swift; path = UserDefaultsStore.swift; sourceTree = "<group>"; };
/* End PBXFileReference section */

/* Begin PBXFrameworksBuildPhase section */
		E8594C302D23F8E00076EBBD /* Frameworks */ = {
			isa = PBXFrameworksBuildPhase;
			buildActionMask = 2147483647;
			files = (
				E8594C612D243D0D0076EBBD /* Lottie in Frameworks */,
			);
			runOnlyForDeploymentPostprocessing = 0;
		};
/* End PBXFrameworksBuildPhase section */

/* Begin PBXGroup section */
		E8594C2A2D23F8E00076EBBD = {
			isa = PBXGroup;
			children = (
				E8594C352D23F8E00076EBBD /* IBI */,
				E8594C342D23F8E00076EBBD /* Products */,
			);
			sourceTree = "<group>";
		};
		E8594C342D23F8E00076EBBD /* Products */ = {
			isa = PBXGroup;
			children = (
				E8594C332D23F8E00076EBBD /* IBI.app */,
			);
			name = Products;
			sourceTree = "<group>";
		};
		E8594C352D23F8E00076EBBD /* IBI */ = {
			isa = PBXGroup;
			children = (
				E8594C652D244A510076EBBD /* Data */,
				E8594C622D243D2D0076EBBD /* Animations */,
				E8594C582D24023E0076EBBD /* Extensions */,
				E8594C552D24003F0076EBBD /* Settings */,
				E8594C502D23FE520076EBBD /* Products */,
				E8594C4D2D23FC650076EBBD /* TabBar */,
				E8594C4B2D23FA7D0076EBBD /* Login */,
				E8594C4C2D23FAA90076EBBD /* Storyboards */,
				E8594C4A2D23FA6F0076EBBD /* Delegate */,
				E8594C3F2D23F8E50076EBBD /* Assets.xcassets */,
				E8594C442D23F8E50076EBBD /* Info.plist */,
			);
			path = IBI;
			sourceTree = "<group>";
		};
		E8594C4A2D23FA6F0076EBBD /* Delegate */ = {
			isa = PBXGroup;
			children = (
				E8594C362D23F8E00076EBBD /* AppDelegate.swift */,
				E8594C382D23F8E00076EBBD /* SceneDelegate.swift */,
			);
			path = Delegate;
			sourceTree = "<group>";
		};
		E8594C4B2D23FA7D0076EBBD /* Login */ = {
			isa = PBXGroup;
			children = (
				E8594C562D2401220076EBBD /* LoginViewController.swift */,
			);
			path = Login;
			sourceTree = "<group>";
		};
		E8594C4C2D23FAA90076EBBD /* Storyboards */ = {
			isa = PBXGroup;
			children = (
				E8594C3C2D23F8E00076EBBD /* Main.storyboard */,
				E8594C412D23F8E50076EBBD /* LaunchScreen.storyboard */,
			);
			path = Storyboards;
			sourceTree = "<group>";
		};
		E8594C4D2D23FC650076EBBD /* TabBar */ = {
			isa = PBXGroup;
			children = (
				E8594C4E2D23FC7F0076EBBD /* MainTabBarController.swift */,
			);
			path = TabBar;
			sourceTree = "<group>";
		};
		E8594C502D23FE520076EBBD /* Products */ = {
			isa = PBXGroup;
			children = (
				E8594C512D23FE760076EBBD /* ProductsListViewController.swift */,
			);
			path = Products;
			sourceTree = "<group>";
		};
		E8594C552D24003F0076EBBD /* Settings */ = {
			isa = PBXGroup;
			children = (
				E8594C532D2400350076EBBD /* SettingsViewController.swift */,
			);
			path = Settings;
			sourceTree = "<group>";
		};
		E8594C582D24023E0076EBBD /* Extensions */ = {
			isa = PBXGroup;
			children = (
				E8594C592D2402560076EBBD /* UIView+Utils.swift */,
				E8594C5B2D24070F0076EBBD /* String+Utils.swift */,
				E8594C5D2D2407460076EBBD /* UIViewController+Utils.swift */,
			);
			path = Extensions;
			sourceTree = "<group>";
		};
		E8594C622D243D2D0076EBBD /* Animations */ = {
			isa = PBXGroup;
			children = (
				E8594C632D243D410076EBBD /* login.json */,
			);
			path = Animations;
			sourceTree = "<group>";
		};
		E8594C652D244A510076EBBD /* Data */ = {
			isa = PBXGroup;
			children = (
				E8594C662D244A6B0076EBBD /* Store */,
			);
			path = Data;
			sourceTree = "<group>";
		};
		E8594C662D244A6B0076EBBD /* Store */ = {
			isa = PBXGroup;
			children = (
				E8594C672D244A800076EBBD /* UserDefaultsStore.swift */,
			);
			path = Store;
			sourceTree = "<group>";
		};
/* End PBXGroup section */

/* Begin PBXNativeTarget section */
		E8594C322D23F8E00076EBBD /* IBI */ = {
			isa = PBXNativeTarget;
			buildConfigurationList = E8594C472D23F8E50076EBBD /* Build configuration list for PBXNativeTarget "IBI" */;
			buildPhases = (
				E8594C2F2D23F8E00076EBBD /* Sources */,
				E8594C302D23F8E00076EBBD /* Frameworks */,
				E8594C312D23F8E00076EBBD /* Resources */,
			);
			buildRules = (
			);
			dependencies = (
			);
			name = IBI;
			packageProductDependencies = (
				E8594C602D243D0D0076EBBD /* Lottie */,
			);
			productName = IBI;
			productReference = E8594C332D23F8E00076EBBD /* IBI.app */;
			productType = "com.apple.product-type.application";
		};
/* End PBXNativeTarget section */

/* Begin PBXProject section */
		E8594C2B2D23F8E00076EBBD /* Project object */ = {
			isa = PBXProject;
			attributes = {
				BuildIndependentTargetsInParallel = 1;
				LastSwiftUpdateCheck = 1510;
				LastUpgradeCheck = 1510;
				TargetAttributes = {
					E8594C322D23F8E00076EBBD = {
						CreatedOnToolsVersion = 15.1;
					};
				};
			};
			buildConfigurationList = E8594C2E2D23F8E00076EBBD /* Build configuration list for PBXProject "IBI" */;
			compatibilityVersion = "Xcode 14.0";
			developmentRegion = en;
			hasScannedForEncodings = 0;
			knownRegions = (
				en,
				Base,
			);
			mainGroup = E8594C2A2D23F8E00076EBBD;
			packageReferences = (
				E8594C5F2D243D0D0076EBBD /* XCRemoteSwiftPackageReference "lottie-spm" */,
			);
			productRefGroup = E8594C342D23F8E00076EBBD /* Products */;
			projectDirPath = "";
			projectRoot = "";
			targets = (
				E8594C322D23F8E00076EBBD /* IBI */,
			);
		};
/* End PBXProject section */

/* Begin PBXResourcesBuildPhase section */
		E8594C312D23F8E00076EBBD /* Resources */ = {
			isa = PBXResourcesBuildPhase;
			buildActionMask = 2147483647;
			files = (
				E8594C432D23F8E50076EBBD /* LaunchScreen.storyboard in Resources */,
				E8594C402D23F8E50076EBBD /* Assets.xcassets in Resources */,
				E8594C3E2D23F8E00076EBBD /* Main.storyboard in Resources */,
				E8594C642D243D420076EBBD /* login.json in Resources */,
			);
			runOnlyForDeploymentPostprocessing = 0;
		};
/* End PBXResourcesBuildPhase section */

/* Begin PBXSourcesBuildPhase section */
		E8594C2F2D23F8E00076EBBD /* Sources */ = {
			isa = PBXSourcesBuildPhase;
			buildActionMask = 2147483647;
			files = (
				E8594C5C2D24070F0076EBBD /* String+Utils.swift in Sources */,
				E8594C572D2401220076EBBD /* LoginViewController.swift in Sources */,
				E8594C5E2D2407460076EBBD /* UIViewController+Utils.swift in Sources */,
				E8594C522D23FE760076EBBD /* ProductsListViewController.swift in Sources */,
				E8594C5A2D2402560076EBBD /* UIView+Utils.swift in Sources */,
				E8594C372D23F8E00076EBBD /* AppDelegate.swift in Sources */,
				E8594C682D244A800076EBBD /* UserDefaultsStore.swift in Sources */,
				E8594C4F2D23FC7F0076EBBD /* MainTabBarController.swift in Sources */,
				E8594C392D23F8E00076EBBD /* SceneDelegate.swift in Sources */,
				E8594C542D2400350076EBBD /* SettingsViewController.swift in Sources */,
			);
			runOnlyForDeploymentPostprocessing = 0;
		};
/* End PBXSourcesBuildPhase section */

/* Begin PBXVariantGroup section */
		E8594C3C2D23F8E00076EBBD /* Main.storyboard */ = {
			isa = PBXVariantGroup;
			children = (
				E8594C3D2D23F8E00076EBBD /* Base */,
			);
			name = Main.storyboard;
			sourceTree = "<group>";
		};
		E8594C412D23F8E50076EBBD /* LaunchScreen.storyboard */ = {
			isa = PBXVariantGroup;
			children = (
				E8594C422D23F8E50076EBBD /* Base */,
			);
			name = LaunchScreen.storyboard;
			sourceTree = "<group>";
		};
/* End PBXVariantGroup section */

/* Begin XCBuildConfiguration section */
		E8594C452D23F8E50076EBBD /* Debug */ = {
			isa = XCBuildConfiguration;
			buildSettings = {
				ALWAYS_SEARCH_USER_PATHS = NO;
				ASSETCATALOG_COMPILER_GENERATE_SWIFT_ASSET_SYMBOL_EXTENSIONS = YES;
				CLANG_ANALYZER_NONNULL = YES;
				CLANG_ANALYZER_NUMBER_OBJECT_CONVERSION = YES_AGGRESSIVE;
				CLANG_CXX_LANGUAGE_STANDARD = "gnu++20";
				CLANG_ENABLE_MODULES = YES;
				CLANG_ENABLE_OBJC_ARC = YES;
				CLANG_ENABLE_OBJC_WEAK = YES;
				CLANG_WARN_BLOCK_CAPTURE_AUTORELEASING = YES;
				CLANG_WARN_BOOL_CONVERSION = YES;
				CLANG_WARN_COMMA = YES;
				CLANG_WARN_CONSTANT_CONVERSION = YES;
				CLANG_WARN_DEPRECATED_OBJC_IMPLEMENTATIONS = YES;
				CLANG_WARN_DIRECT_OBJC_ISA_USAGE = YES_ERROR;
				CLANG_WARN_DOCUMENTATION_COMMENTS = YES;
				CLANG_WARN_EMPTY_BODY = YES;
				CLANG_WARN_ENUM_CONVERSION = YES;
				CLANG_WARN_INFINITE_RECURSION = YES;
				CLANG_WARN_INT_CONVERSION = YES;
				CLANG_WARN_NON_LITERAL_NULL_CONVERSION = YES;
				CLANG_WARN_OBJC_IMPLICIT_RETAIN_SELF = YES;
				CLANG_WARN_OBJC_LITERAL_CONVERSION = YES;
				CLANG_WARN_OBJC_ROOT_CLASS = YES_ERROR;
				CLANG_WARN_QUOTED_INCLUDE_IN_FRAMEWORK_HEADER = YES;
				CLANG_WARN_RANGE_LOOP_ANALYSIS = YES;
				CLANG_WARN_STRICT_PROTOTYPES = YES;
				CLANG_WARN_SUSPICIOUS_MOVE = YES;
				CLANG_WARN_UNGUARDED_AVAILABILITY = YES_AGGRESSIVE;
				CLANG_WARN_UNREACHABLE_CODE = YES;
				CLANG_WARN__DUPLICATE_METHOD_MATCH = YES;
				COPY_PHASE_STRIP = NO;
				DEBUG_INFORMATION_FORMAT = dwarf;
				ENABLE_STRICT_OBJC_MSGSEND = YES;
				ENABLE_TESTABILITY = YES;
				ENABLE_USER_SCRIPT_SANDBOXING = YES;
				GCC_C_LANGUAGE_STANDARD = gnu17;
				GCC_DYNAMIC_NO_PIC = NO;
				GCC_NO_COMMON_BLOCKS = YES;
				GCC_OPTIMIZATION_LEVEL = 0;
				GCC_PREPROCESSOR_DEFINITIONS = (
					"DEBUG=1",
					"$(inherited)",
				);
				GCC_WARN_64_TO_32_BIT_CONVERSION = YES;
				GCC_WARN_ABOUT_RETURN_TYPE = YES_ERROR;
				GCC_WARN_UNDECLARED_SELECTOR = YES;
				GCC_WARN_UNINITIALIZED_AUTOS = YES_AGGRESSIVE;
				GCC_WARN_UNUSED_FUNCTION = YES;
				GCC_WARN_UNUSED_VARIABLE = YES;
				IPHONEOS_DEPLOYMENT_TARGET = 17.2;
				LOCALIZATION_PREFERS_STRING_CATALOGS = YES;
				MTL_ENABLE_DEBUG_INFO = INCLUDE_SOURCE;
				MTL_FAST_MATH = YES;
				ONLY_ACTIVE_ARCH = YES;
				SDKROOT = iphoneos;
				SWIFT_ACTIVE_COMPILATION_CONDITIONS = "DEBUG $(inherited)";
				SWIFT_OPTIMIZATION_LEVEL = "-Onone";
			};
			name = Debug;
		};
		E8594C462D23F8E50076EBBD /* Release */ = {
			isa = XCBuildConfiguration;
			buildSettings = {
				ALWAYS_SEARCH_USER_PATHS = NO;
				ASSETCATALOG_COMPILER_GENERATE_SWIFT_ASSET_SYMBOL_EXTENSIONS = YES;
				CLANG_ANALYZER_NONNULL = YES;
				CLANG_ANALYZER_NUMBER_OBJECT_CONVERSION = YES_AGGRESSIVE;
				CLANG_CXX_LANGUAGE_STANDARD = "gnu++20";
				CLANG_ENABLE_MODULES = YES;
				CLANG_ENABLE_OBJC_ARC = YES;
				CLANG_ENABLE_OBJC_WEAK = YES;
				CLANG_WARN_BLOCK_CAPTURE_AUTORELEASING = YES;
				CLANG_WARN_BOOL_CONVERSION = YES;
				CLANG_WARN_COMMA = YES;
				CLANG_WARN_CONSTANT_CONVERSION = YES;
				CLANG_WARN_DEPRECATED_OBJC_IMPLEMENTATIONS = YES;
				CLANG_WARN_DIRECT_OBJC_ISA_USAGE = YES_ERROR;
				CLANG_WARN_DOCUMENTATION_COMMENTS = YES;
				CLANG_WARN_EMPTY_BODY = YES;
				CLANG_WARN_ENUM_CONVERSION = YES;
				CLANG_WARN_INFINITE_RECURSION = YES;
				CLANG_WARN_INT_CONVERSION = YES;
				CLANG_WARN_NON_LITERAL_NULL_CONVERSION = YES;
				CLANG_WARN_OBJC_IMPLICIT_RETAIN_SELF = YES;
				CLANG_WARN_OBJC_LITERAL_CONVERSION = YES;
				CLANG_WARN_OBJC_ROOT_CLASS = YES_ERROR;
				CLANG_WARN_QUOTED_INCLUDE_IN_FRAMEWORK_HEADER = YES;
				CLANG_WARN_RANGE_LOOP_ANALYSIS = YES;
				CLANG_WARN_STRICT_PROTOTYPES = YES;
				CLANG_WARN_SUSPICIOUS_MOVE = YES;
				CLANG_WARN_UNGUARDED_AVAILABILITY = YES_AGGRESSIVE;
				CLANG_WARN_UNREACHABLE_CODE = YES;
				CLANG_WARN__DUPLICATE_METHOD_MATCH = YES;
				COPY_PHASE_STRIP = NO;
				DEBUG_INFORMATION_FORMAT = "dwarf-with-dsym";
				ENABLE_NS_ASSERTIONS = NO;
				ENABLE_STRICT_OBJC_MSGSEND = YES;
				ENABLE_USER_SCRIPT_SANDBOXING = YES;
				GCC_C_LANGUAGE_STANDARD = gnu17;
				GCC_NO_COMMON_BLOCKS = YES;
				GCC_WARN_64_TO_32_BIT_CONVERSION = YES;
				GCC_WARN_ABOUT_RETURN_TYPE = YES_ERROR;
				GCC_WARN_UNDECLARED_SELECTOR = YES;
				GCC_WARN_UNINITIALIZED_AUTOS = YES_AGGRESSIVE;
				GCC_WARN_UNUSED_FUNCTION = YES;
				GCC_WARN_UNUSED_VARIABLE = YES;
				IPHONEOS_DEPLOYMENT_TARGET = 17.2;
				LOCALIZATION_PREFERS_STRING_CATALOGS = YES;
				MTL_ENABLE_DEBUG_INFO = NO;
				MTL_FAST_MATH = YES;
				SDKROOT = iphoneos;
				SWIFT_COMPILATION_MODE = wholemodule;
				VALIDATE_PRODUCT = YES;
			};
			name = Release;
		};
		E8594C482D23F8E50076EBBD /* Debug */ = {
			isa = XCBuildConfiguration;
			buildSettings = {
				ASSETCATALOG_COMPILER_APPICON_NAME = AppIcon;
				ASSETCATALOG_COMPILER_GLOBAL_ACCENT_COLOR_NAME = AccentColor;
				CODE_SIGN_STYLE = Automatic;
				CURRENT_PROJECT_VERSION = 1;
				DEVELOPMENT_TEAM = FRF56FF5QD;
				GENERATE_INFOPLIST_FILE = YES;
				INFOPLIST_FILE = IBI/Info.plist;
				INFOPLIST_KEY_UIApplicationSupportsIndirectInputEvents = YES;
				INFOPLIST_KEY_UILaunchStoryboardName = LaunchScreen;
				INFOPLIST_KEY_UIMainStoryboardFile = Main;
				INFOPLIST_KEY_UISupportedInterfaceOrientations_iPad = "UIInterfaceOrientationPortrait UIInterfaceOrientationPortraitUpsideDown UIInterfaceOrientationLandscapeLeft UIInterfaceOrientationLandscapeRight";
				INFOPLIST_KEY_UISupportedInterfaceOrientations_iPhone = "UIInterfaceOrientationPortrait UIInterfaceOrientationLandscapeLeft UIInterfaceOrientationLandscapeRight";
				LD_RUNPATH_SEARCH_PATHS = (
					"$(inherited)",
					"@executable_path/Frameworks",
				);
				MARKETING_VERSION = 1.0;
				PRODUCT_BUNDLE_IDENTIFIER = com.nbpapps.IBI;
				PRODUCT_NAME = "$(TARGET_NAME)";
				SWIFT_EMIT_LOC_STRINGS = YES;
				SWIFT_VERSION = 5.0;
				TARGETED_DEVICE_FAMILY = "1,2";
			};
			name = Debug;
		};
		E8594C492D23F8E50076EBBD /* Release */ = {
			isa = XCBuildConfiguration;
			buildSettings = {
				ASSETCATALOG_COMPILER_APPICON_NAME = AppIcon;
				ASSETCATALOG_COMPILER_GLOBAL_ACCENT_COLOR_NAME = AccentColor;
				CODE_SIGN_STYLE = Automatic;
				CURRENT_PROJECT_VERSION = 1;
				DEVELOPMENT_TEAM = FRF56FF5QD;
				GENERATE_INFOPLIST_FILE = YES;
				INFOPLIST_FILE = IBI/Info.plist;
				INFOPLIST_KEY_UIApplicationSupportsIndirectInputEvents = YES;
				INFOPLIST_KEY_UILaunchStoryboardName = LaunchScreen;
				INFOPLIST_KEY_UIMainStoryboardFile = Main;
				INFOPLIST_KEY_UISupportedInterfaceOrientations_iPad = "UIInterfaceOrientationPortrait UIInterfaceOrientationPortraitUpsideDown UIInterfaceOrientationLandscapeLeft UIInterfaceOrientationLandscapeRight";
				INFOPLIST_KEY_UISupportedInterfaceOrientations_iPhone = "UIInterfaceOrientationPortrait UIInterfaceOrientationLandscapeLeft UIInterfaceOrientationLandscapeRight";
				LD_RUNPATH_SEARCH_PATHS = (
					"$(inherited)",
					"@executable_path/Frameworks",
				);
				MARKETING_VERSION = 1.0;
				PRODUCT_BUNDLE_IDENTIFIER = com.nbpapps.IBI;
				PRODUCT_NAME = "$(TARGET_NAME)";
				SWIFT_EMIT_LOC_STRINGS = YES;
				SWIFT_VERSION = 5.0;
				TARGETED_DEVICE_FAMILY = "1,2";
			};
			name = Release;
		};
/* End XCBuildConfiguration section */

/* Begin XCConfigurationList section */
		E8594C2E2D23F8E00076EBBD /* Build configuration list for PBXProject "IBI" */ = {
			isa = XCConfigurationList;
			buildConfigurations = (
				E8594C452D23F8E50076EBBD /* Debug */,
				E8594C462D23F8E50076EBBD /* Release */,
			);
			defaultConfigurationIsVisible = 0;
			defaultConfigurationName = Release;
		};
		E8594C472D23F8E50076EBBD /* Build configuration list for PBXNativeTarget "IBI" */ = {
			isa = XCConfigurationList;
			buildConfigurations = (
				E8594C482D23F8E50076EBBD /* Debug */,
				E8594C492D23F8E50076EBBD /* Release */,
			);
			defaultConfigurationIsVisible = 0;
			defaultConfigurationName = Release;
		};
/* End XCConfigurationList section */

/* Begin XCRemoteSwiftPackageReference section */
		E8594C5F2D243D0D0076EBBD /* XCRemoteSwiftPackageReference "lottie-spm" */ = {
			isa = XCRemoteSwiftPackageReference;
			repositoryURL = "https://github.com/airbnb/lottie-spm.git";
			requirement = {
				kind = upToNextMajorVersion;
				minimumVersion = 4.5.0;
			};
		};
/* End XCRemoteSwiftPackageReference section */

/* Begin XCSwiftPackageProductDependency section */
		E8594C602D243D0D0076EBBD /* Lottie */ = {
			isa = XCSwiftPackageProductDependency;
			package = E8594C5F2D243D0D0076EBBD /* XCRemoteSwiftPackageReference "lottie-spm" */;
			productName = Lottie;
		};
/* End XCSwiftPackageProductDependency section */
	};
	rootObject = E8594C2B2D23F8E00076EBBD /* Project object */;
}
